
Microsoft Visual Studio Solution File, Format Version 12.00
# Visual Studio Version 17
VisualStudioVersion = 17.3.32929.385
MinimumVisualStudioVersion = 10.0.40219.1
Project("{FAE04EC0-301F-11D3-BF4B-00C04F79EFBC}") = "DynamoDB", "DynamoDB\DynamoDB.csproj", "{987306E4-13DB-42D7-80B1-B1FC185C43A9}"
EndProject
Global
	GlobalSection(SolutionConfigurationPlatforms) = preSolution
		Debug|Any CPU = Debug|Any CPU
		Release|Any CPU = Release|Any CPU
	EndGlobalSection
	GlobalSection(ProjectConfigurationPlatforms) = postSolution
		{987306E4-13DB-42D7-80B1-B1FC185C43A9}.Debug|Any CPU.ActiveCfg = Debug|Any CPU
		{987306E4-13DB-42D7-80B1-B1FC185C43A9}.Debug|Any CPU.Build.0 = Debug|Any CPU
		{987306E4-13DB-42D7-80B1-B1FC185C43A9}.Release|Any CPU.ActiveCfg = Release|Any CPU
		{987306E4-13DB-42D7-80B1-B1FC185C43A9}.Release|Any CPU.Build.0 = Release|Any CPU
	EndGlobalSection
	GlobalSection(SolutionProperties) = preSolution
		HideSolutionNode = FALSE
	EndGlobalSection
	GlobalSection(ExtensibilityGlobals) = postSolution
		SolutionGuid = {46E37B26-188E-4C0C-940B-561D7E421923}
	EndGlobalSection
EndGlobal
